
Microsoft Visual Studio Solution File, Format Version 12.00
# Visual Studio 15
VisualStudioVersion = 15.0.28307.438
MinimumVisualStudioVersion = 10.0.40219.1
Project("{FAE04EC0-301F-11D3-BF4B-00C04F79EFBC}") = "Project_ExtraSports", "Project_ExtraSports\Project_ExtraSports.csproj", "{08049671-F89D-4DCE-9D00-D0075AEA0261}"
EndProject
Global
	GlobalSection(SolutionConfigurationPlatforms) = preSolution
		Debug|Any CPU = Debug|Any CPU
		Release|Any CPU = Release|Any CPU
	EndGlobalSection
	GlobalSection(ProjectConfigurationPlatforms) = postSolution
		{08049671-F89D-4DCE-9D00-D0075AEA0261}.Debug|Any CPU.ActiveCfg = Debug|Any CPU
		{08049671-F89D-4DCE-9D00-D0075AEA0261}.Debug|Any CPU.Build.0 = Debug|Any CPU
		{08049671-F89D-4DCE-9D00-D0075AEA0261}.Release|Any CPU.ActiveCfg = Release|Any CPU
		{08049671-F89D-4DCE-9D00-D0075AEA0261}.Release|Any CPU.Build.0 = Release|Any CPU
	EndGlobalSection
	GlobalSection(SolutionProperties) = preSolution
		HideSolutionNode = FALSE
	EndGlobalSection
	GlobalSection(ExtensibilityGlobals) = postSolution
		SolutionGuid = {D4BA5DB1-23F6-481D-805B-7D0DD964DB5F}
	EndGlobalSection
EndGlobal
